{
  "version": 4,
  "terraform_version": "1.1.9",
  "serial": 10,
  "lineage": "35eb845d-a437-c310-2605-e8b2cb33da6c",
  "outputs": {
    "log_analytics_name": {
      "value": "AstraWorkspace",
      "type": "string"
    },
    "log_analytics_workspace_id": {
      "value": "1d5f84d5-3aab-4087-a356-cc68edaa29dd",
      "type": "string"
    }
  },
  "resources": [
    {
      "mode": "managed",
      "type": "azurerm_resource_group",
      "name": "rg",
      "provider": "provider[\"registry.terraform.io/hashicorp/azurerm\"]",
      "instances": [
        {
          "schema_version": 0,
          "attributes": {
            "id": "/subscriptions/1a45a694-ae23-4650-9774-89a571c462f6/resourceGroups/AstraRG",
            "location": "westeurope",
            "name": "AstraRG",
            "tags": {
              "createdWith": "Terraform"
            },
            "timeouts": null
          },
          "sensitive_attributes": [],
          "private": "eyJlMmJmYjczMC1lY2FhLTExZTYtOGY4OC0zNDM2M2JjN2M0YzAiOnsiY3JlYXRlIjo1NDAwMDAwMDAwMDAwLCJkZWxldGUiOjU0MDAwMDAwMDAwMDAsInJlYWQiOjMwMDAwMDAwMDAwMCwidXBkYXRlIjo1NDAwMDAwMDAwMDAwfX0=",
          "dependencies": [
            "random_string.resource_prefix"
          ]
        }
      ]
    },
    {
      "mode": "managed",
      "type": "random_string",
      "name": "resource_prefix",
      "provider": "provider[\"registry.terraform.io/hashicorp/random\"]",
      "instances": [
        {
          "schema_version": 2,
          "attributes": {
            "id": "evktmq",
            "keepers": null,
            "length": 6,
            "lower": true,
            "min_lower": 0,
            "min_numeric": 0,
            "min_special": 0,
            "min_upper": 0,
            "number": false,
            "numeric": false,
            "override_special": null,
            "result": "evktmq",
            "special": false,
            "upper": false
          },
          "sensitive_attributes": [],
          "private": "eyJzY2hlbWFfdmVyc2lvbiI6IjIifQ=="
        }
      ]
    },
    {
      "module": "module.application_insights",
      "mode": "managed",
      "type": "azurerm_application_insights",
      "name": "resource",
      "provider": "provider[\"registry.terraform.io/hashicorp/azurerm\"]",
      "instances": [
        {
          "schema_version": 1,
          "attributes": {
            "app_id": "cba5ba29-a031-4a8e-a6a2-9093083dccbe",
            "application_type": "web",
            "connection_string": "InstrumentationKey=ad8e5f90-9528-4c01-9356-ef4aa8f1ef5c;IngestionEndpoint=https://westeurope-5.in.applicationinsights.azure.com/;LiveEndpoint=https://westeurope.livediagnostics.monitor.azure.com/",
            "daily_data_cap_in_gb": 100,
            "daily_data_cap_notifications_disabled": false,
            "disable_ip_masking": false,
            "force_customer_storage_for_profiler": false,
            "id": "/subscriptions/1a45a694-ae23-4650-9774-89a571c462f6/resourceGroups/AstraRG/providers/Microsoft.Insights/components/AstraApplicationInsights",
            "instrumentation_key": "ad8e5f90-9528-4c01-9356-ef4aa8f1ef5c",
            "internet_ingestion_enabled": true,
            "internet_query_enabled": true,
            "local_authentication_disabled": false,
            "location": "westeurope",
            "name": "AstraApplicationInsights",
            "resource_group_name": "AstraRG",
            "retention_in_days": 90,
            "sampling_percentage": 100,
            "tags": {
              "businessUnit": "FastTrack for Azure",
              "createdWith": "Terraform",
              "module": "application_insights",
              "supportedBy": "Paolo Salvatori"
            },
            "timeouts": null,
            "workspace_id": "/subscriptions/1a45a694-ae23-4650-9774-89a571c462f6/resourceGroups/AstraRG/providers/Microsoft.OperationalInsights/workspaces/AstraWorkspace"
          },
          "sensitive_attributes": [],
          "private": "eyJlMmJmYjczMC1lY2FhLTExZTYtOGY4OC0zNDM2M2JjN2M0YzAiOnsiY3JlYXRlIjozNjAwMDAwMDAwMDAwLCJkZWxldGUiOjE4MDAwMDAwMDAwMDAsInJlYWQiOjMwMDAwMDAwMDAwMCwidXBkYXRlIjoxODAwMDAwMDAwMDAwfSwic2NoZW1hX3ZlcnNpb24iOiIxIn0=",
          "dependencies": [
            "azurerm_resource_group.rg",
            "module.log_analytics_workspace.azurerm_log_analytics_workspace.log_analytics_workspace",
            "random_string.resource_prefix"
          ]
        }
      ]
    },
    {
      "module": "module.container_app",
      "mode": "managed",
      "type": "azapi_resource",
      "name": "container_app",
      "provider": "provider[\"registry.terraform.io/azure/azapi\"]",
      "instances": [
        {
          "index_key": "nodeapp",
          "schema_version": 0,
          "attributes": {
            "body": "{\"properties\":{\"configuration\":{\"dapr\":{\"appId\":\"nodeapp\",\"appPort\":3000,\"appProtocol\":\"http\",\"enabled\":true},\"ingress\":{\"external\":false,\"targetPort\":3000}},\"managedEnvironmentId\":\"/subscriptions/1a45a694-ae23-4650-9774-89a571c462f6/resourceGroups/AstraRG/providers/Microsoft.App/managedEnvironments/AstraManagedEnvironment\",\"template\":{\"containers\":[{\"env\":[{\"name\":\"APP_PORT\",\"value\":\"3000\"}],\"image\":\"dapriosamples/hello-k8s-node:latest\",\"name\":\"hello-k8s-node\",\"resources\":{\"cpu\":0.5,\"memory\":\"1Gi\"}}],\"scale\":{\"maxReplicas\":1,\"minReplicas\":1}}}}",
            "id": "/subscriptions/1a45a694-ae23-4650-9774-89a571c462f6/resourceGroups/AstraRG/providers/Microsoft.App/containerApps/nodeapp",
            "identity": [
              {
                "identity_ids": [],
                "principal_id": "",
                "tenant_id": "",
                "type": "None"
              }
            ],
            "ignore_casing": false,
            "ignore_missing_property": false,
            "location": "West Europe",
            "locks": null,
            "name": "nodeapp",
            "output": "{}",
            "parent_id": "/subscriptions/1a45a694-ae23-4650-9774-89a571c462f6/resourceGroups/AstraRG",
            "response_export_values": null,
            "schema_validation_enabled": true,
            "tags": {
              "businessUnit": "FastTrack for Azure",
              "createdWith": "Terraform",
              "module": "container_apps",
              "supportedBy": "Paolo Salvatori"
            },
            "timeouts": null,
            "type": "Microsoft.App/containerApps@2022-03-01"
          },
          "sensitive_attributes": [],
          "private": "eyJlMmJmYjczMC1lY2FhLTExZTYtOGY4OC0zNDM2M2JjN2M0YzAiOnsiY3JlYXRlIjoxODAwMDAwMDAwMDAwLCJkZWxldGUiOjE4MDAwMDAwMDAwMDAsInJlYWQiOjMwMDAwMDAwMDAwMCwidXBkYXRlIjoxODAwMDAwMDAwMDAwfX0=",
          "dependencies": [
            "azurerm_resource_group.rg",
            "module.application_insights.azurerm_application_insights.resource",
            "module.container_app.azapi_resource.managed_environment",
            "module.log_analytics_workspace.azurerm_log_analytics_workspace.log_analytics_workspace",
            "random_string.resource_prefix"
          ]
        },
        {
          "index_key": "pythonapp",
          "schema_version": 0,
          "attributes": {
            "body": "{\"properties\":{\"configuration\":{\"dapr\":{\"appId\":\"pythonapp\",\"appPort\":null,\"appProtocol\":\"http\",\"enabled\":true},\"ingress\":null},\"managedEnvironmentId\":\"/subscriptions/1a45a694-ae23-4650-9774-89a571c462f6/resourceGroups/AstraRG/providers/Microsoft.App/managedEnvironments/AstraManagedEnvironment\",\"template\":{\"containers\":[{\"env\":null,\"image\":\"dapriosamples/hello-k8s-python:latest\",\"name\":\"hello-k8s-python\",\"resources\":{\"cpu\":0.5,\"memory\":\"1Gi\"}}],\"scale\":{\"maxReplicas\":1,\"minReplicas\":1}}}}",
            "id": "/subscriptions/1a45a694-ae23-4650-9774-89a571c462f6/resourceGroups/AstraRG/providers/Microsoft.App/containerApps/pythonapp",
            "identity": [
              {
                "identity_ids": [],
                "principal_id": "",
                "tenant_id": "",
                "type": "None"
              }
            ],
            "ignore_casing": false,
            "ignore_missing_property": false,
            "location": "West Europe",
            "locks": null,
            "name": "pythonapp",
            "output": "{}",
            "parent_id": "/subscriptions/1a45a694-ae23-4650-9774-89a571c462f6/resourceGroups/AstraRG",
            "response_export_values": null,
            "schema_validation_enabled": true,
            "tags": {
              "businessUnit": "FastTrack for Azure",
              "createdWith": "Terraform",
              "module": "container_apps",
              "supportedBy": "Paolo Salvatori"
            },
            "timeouts": null,
            "type": "Microsoft.App/containerApps@2022-03-01"
          },
          "sensitive_attributes": [],
          "private": "eyJlMmJmYjczMC1lY2FhLTExZTYtOGY4OC0zNDM2M2JjN2M0YzAiOnsiY3JlYXRlIjoxODAwMDAwMDAwMDAwLCJkZWxldGUiOjE4MDAwMDAwMDAwMDAsInJlYWQiOjMwMDAwMDAwMDAwMCwidXBkYXRlIjoxODAwMDAwMDAwMDAwfX0=",
          "dependencies": [
            "azurerm_resource_group.rg",
            "module.application_insights.azurerm_application_insights.resource",
            "module.container_app.azapi_resource.managed_environment",
            "module.log_analytics_workspace.azurerm_log_analytics_workspace.log_analytics_workspace",
            "random_string.resource_prefix"
          ]
        }
      ]
    },
    {
      "module": "module.container_app",
      "mode": "managed",
      "type": "azapi_resource",
      "name": "daprComponents",
      "provider": "provider[\"registry.terraform.io/azure/azapi\"]",
      "instances": [
        {
          "index_key": "statestore",
          "schema_version": 0,
          "attributes": {
            "body": "{\"properties\":{\"componentType\":\"state.azure.blobstorage\",\"ignoreErrors\":false,\"initTimeout\":\"5s\",\"metadata\":[{\"name\":\"accountName\",\"secretRef\":null,\"value\":\"astraaccount\"},{\"name\":\"containerName\",\"secretRef\":null,\"value\":\"state\"},{\"name\":\"accountKey\",\"secretRef\":\"storageaccountkey\",\"value\":null}],\"scopes\":[\"nodeapp\"],\"secrets\":[{\"name\":\"storageaccountkey\"}],\"version\":\"v1\"}}",
            "id": "/subscriptions/1a45a694-ae23-4650-9774-89a571c462f6/resourceGroups/AstraRG/providers/Microsoft.App/managedEnvironments/AstraManagedEnvironment/daprComponents/statestore",
            "identity": [],
            "ignore_casing": false,
            "ignore_missing_property": false,
            "location": "",
            "locks": null,
            "name": "statestore",
            "output": "{}",
            "parent_id": "/subscriptions/1a45a694-ae23-4650-9774-89a571c462f6/resourceGroups/AstraRG/providers/Microsoft.App/managedEnvironments/AstraManagedEnvironment",
            "response_export_values": null,
            "schema_validation_enabled": true,
            "tags": {},
            "timeouts": null,
            "type": "Microsoft.App/managedEnvironments/daprComponents@2022-03-01"
          },
          "sensitive_attributes": [
            [
              {
                "type": "get_attr",
                "value": "body"
              }
            ]
          ],
          "private": "eyJlMmJmYjczMC1lY2FhLTExZTYtOGY4OC0zNDM2M2JjN2M0YzAiOnsiY3JlYXRlIjoxODAwMDAwMDAwMDAwLCJkZWxldGUiOjE4MDAwMDAwMDAwMDAsInJlYWQiOjMwMDAwMDAwMDAwMCwidXBkYXRlIjoxODAwMDAwMDAwMDAwfX0=",
          "dependencies": [
            "azurerm_resource_group.rg",
            "module.application_insights.azurerm_application_insights.resource",
            "module.container_app.azapi_resource.managed_environment",
            "module.log_analytics_workspace.azurerm_log_analytics_workspace.log_analytics_workspace",
            "module.storage_account.azurerm_storage_account.storage_account",
            "random_string.resource_prefix"
          ]
        }
      ]
    },
    {
      "module": "module.container_app",
      "mode": "managed",
      "type": "azapi_resource",
      "name": "managed_environment",
      "provider": "provider[\"registry.terraform.io/azure/azapi\"]",
      "instances": [
        {
          "schema_version": 0,
          "attributes": {
            "body": "{\"properties\":{\"appLogsConfiguration\":{\"destination\":\"log-analytics\",\"logAnalyticsConfiguration\":{\"customerId\":\"1d5f84d5-3aab-4087-a356-cc68edaa29dd\"}}}}",
            "id": "/subscriptions/1a45a694-ae23-4650-9774-89a571c462f6/resourceGroups/AstraRG/providers/Microsoft.App/managedEnvironments/AstraManagedEnvironment",
            "identity": [],
            "ignore_casing": false,
            "ignore_missing_property": false,
            "location": "westeurope",
            "locks": null,
            "name": "AstraManagedEnvironment",
            "output": "{}",
            "parent_id": "/subscriptions/1a45a694-ae23-4650-9774-89a571c462f6/resourceGroups/AstraRG",
            "response_export_values": null,
            "schema_validation_enabled": true,
            "tags": {
              "businessUnit": "FastTrack for Azure",
              "createdWith": "Terraform",
              "module": "container_apps",
              "supportedBy": "Paolo Salvatori"
            },
            "timeouts": null,
            "type": "Microsoft.App/managedEnvironments@2022-03-01"
          },
          "sensitive_attributes": [
            [
              {
                "type": "get_attr",
                "value": "body"
              }
            ]
          ],
          "private": "eyJlMmJmYjczMC1lY2FhLTExZTYtOGY4OC0zNDM2M2JjN2M0YzAiOnsiY3JlYXRlIjoxODAwMDAwMDAwMDAwLCJkZWxldGUiOjE4MDAwMDAwMDAwMDAsInJlYWQiOjMwMDAwMDAwMDAwMCwidXBkYXRlIjoxODAwMDAwMDAwMDAwfX0=",
          "dependencies": [
            "azurerm_resource_group.rg",
            "module.application_insights.azurerm_application_insights.resource",
            "module.log_analytics_workspace.azurerm_log_analytics_workspace.log_analytics_workspace",
            "random_string.resource_prefix"
          ]
        }
      ]
    },
    {
      "module": "module.log_analytics_workspace",
      "mode": "managed",
      "type": "azurerm_log_analytics_workspace",
      "name": "log_analytics_workspace",
      "provider": "provider[\"registry.terraform.io/hashicorp/azurerm\"]",
      "instances": [
        {
          "schema_version": 2,
          "attributes": {
            "daily_quota_gb": -1,
            "id": "/subscriptions/1a45a694-ae23-4650-9774-89a571c462f6/resourceGroups/AstraRG/providers/Microsoft.OperationalInsights/workspaces/AstraWorkspace",
            "internet_ingestion_enabled": true,
            "internet_query_enabled": true,
            "location": "westeurope",
            "name": "AstraWorkspace",
            "primary_shared_key": "NTeG9tyGaTmDt89zYSsJoqcff3LXqoNWVXznA4ARfW1TVoqXztda0zZyy2/bQLZv2uFHUpV+hvjh5N3PqMA0IQ==",
            "reservation_capacity_in_gb_per_day": null,
            "resource_group_name": "AstraRG",
            "retention_in_days": 30,
            "secondary_shared_key": "yDYZxwp5VnNMUJtPq+Hrpxi1kocGVrgzpFsMuqpDn62h6o8KLoRtanIB11Dkgb5Me3SKtt82dssQvzhJYLKs2w==",
            "sku": "PerGB2018",
            "tags": {
              "businessUnit": "FastTrack for Azure",
              "createdWith": "Terraform",
              "module": "log_analytics",
              "supportedBy": "Paolo Salvatori"
            },
            "timeouts": null,
            "workspace_id": "1d5f84d5-3aab-4087-a356-cc68edaa29dd"
          },
          "sensitive_attributes": [],
          "private": "eyJlMmJmYjczMC1lY2FhLTExZTYtOGY4OC0zNDM2M2JjN2M0YzAiOnsiY3JlYXRlIjoxODAwMDAwMDAwMDAwLCJkZWxldGUiOjE4MDAwMDAwMDAwMDAsInJlYWQiOjMwMDAwMDAwMDAwMCwidXBkYXRlIjoxODAwMDAwMDAwMDAwfSwic2NoZW1hX3ZlcnNpb24iOiIyIn0=",
          "dependencies": [
            "azurerm_resource_group.rg",
            "random_string.resource_prefix"
          ]
        }
      ]
    },
    {
      "module": "module.storage_account",
      "mode": "managed",
      "type": "azurerm_storage_account",
      "name": "storage_account",
      "provider": "provider[\"registry.terraform.io/hashicorp/azurerm\"]",
      "instances": [
        {
          "schema_version": 3,
          "attributes": {
            "access_tier": "Hot",
            "account_kind": "StorageV2",
            "account_replication_type": "LRS",
            "account_tier": "Standard",
            "allow_nested_items_to_be_public": true,
            "azure_files_authentication": [],
            "blob_properties": [
              {
                "change_feed_enabled": false,
                "container_delete_retention_policy": [],
                "cors_rule": [],
                "default_service_version": "",
                "delete_retention_policy": [],
                "last_access_time_enabled": false,
                "versioning_enabled": false
              }
            ],
            "custom_domain": [],
            "customer_managed_key": [],
            "edge_zone": "",
            "enable_https_traffic_only": true,
            "id": "/subscriptions/1a45a694-ae23-4650-9774-89a571c462f6/resourceGroups/AstraRG/providers/Microsoft.Storage/storageAccounts/astraaccount",
            "identity": [
              {
                "identity_ids": null,
                "principal_id": "64ebab3e-a887-4824-b7c9-c09725d4126a",
                "tenant_id": "72f988bf-86f1-41af-91ab-2d7cd011db47",
                "type": "SystemAssigned"
              }
            ],
            "infrastructure_encryption_enabled": false,
            "is_hns_enabled": false,
            "large_file_share_enabled": null,
            "location": "westeurope",
            "min_tls_version": "TLS1_2",
            "name": "astraaccount",
            "network_rules": [
              {
                "bypass": [
                  "AzureServices"
                ],
                "default_action": "Allow",
                "ip_rules": [],
                "private_link_access": [],
                "virtual_network_subnet_ids": []
              }
            ],
            "nfsv3_enabled": false,
            "primary_access_key": "OnkKjUcjDf0VybAoE7Lj6CPnLLOd22MgsekDP3pA+ljvYZJYXKbLD0KrN0qpJ2Z9unt/Xxq1CjUg+AStHCXtXg==",
            "primary_blob_connection_string": "DefaultEndpointsProtocol=https;BlobEndpoint=https://astraaccount.blob.core.windows.net/;AccountName=astraaccount;AccountKey=OnkKjUcjDf0VybAoE7Lj6CPnLLOd22MgsekDP3pA+ljvYZJYXKbLD0KrN0qpJ2Z9unt/Xxq1CjUg+AStHCXtXg==",
            "primary_blob_endpoint": "https://astraaccount.blob.core.windows.net/",
            "primary_blob_host": "astraaccount.blob.core.windows.net",
            "primary_connection_string": "DefaultEndpointsProtocol=https;AccountName=astraaccount;AccountKey=OnkKjUcjDf0VybAoE7Lj6CPnLLOd22MgsekDP3pA+ljvYZJYXKbLD0KrN0qpJ2Z9unt/Xxq1CjUg+AStHCXtXg==;EndpointSuffix=core.windows.net",
            "primary_dfs_endpoint": "https://astraaccount.dfs.core.windows.net/",
            "primary_dfs_host": "astraaccount.dfs.core.windows.net",
            "primary_file_endpoint": "https://astraaccount.file.core.windows.net/",
            "primary_file_host": "astraaccount.file.core.windows.net",
            "primary_location": "westeurope",
            "primary_queue_endpoint": "https://astraaccount.queue.core.windows.net/",
            "primary_queue_host": "astraaccount.queue.core.windows.net",
            "primary_table_endpoint": "https://astraaccount.table.core.windows.net/",
            "primary_table_host": "astraaccount.table.core.windows.net",
            "primary_web_endpoint": "https://astraaccount.z6.web.core.windows.net/",
            "primary_web_host": "astraaccount.z6.web.core.windows.net",
            "queue_encryption_key_type": "Service",
            "queue_properties": [
              {
                "cors_rule": [],
                "hour_metrics": [
                  {
                    "enabled": true,
                    "include_apis": true,
                    "retention_policy_days": 7,
                    "version": "1.0"
                  }
                ],
                "logging": [
                  {
                    "delete": false,
                    "read": false,
                    "retention_policy_days": 0,
                    "version": "1.0",
                    "write": false
                  }
                ],
                "minute_metrics": [
                  {
                    "enabled": false,
                    "include_apis": false,
                    "retention_policy_days": 0,
                    "version": "1.0"
                  }
                ]
              }
            ],
            "resource_group_name": "AstraRG",
            "routing": [],
            "secondary_access_key": "FxeegXdwird3ka5hcb2KSmZc8Z+zx8aIKNVuGZYhlKyRdVQPwp0ccnKBaiNN1ciafRVwzA4Hbx2Q+AStPfvWbg==",
            "secondary_blob_connection_string": "",
            "secondary_blob_endpoint": null,
            "secondary_blob_host": null,
            "secondary_connection_string": "DefaultEndpointsProtocol=https;AccountName=astraaccount;AccountKey=FxeegXdwird3ka5hcb2KSmZc8Z+zx8aIKNVuGZYhlKyRdVQPwp0ccnKBaiNN1ciafRVwzA4Hbx2Q+AStPfvWbg==;EndpointSuffix=core.windows.net",
            "secondary_dfs_endpoint": null,
            "secondary_dfs_host": null,
            "secondary_file_endpoint": null,
            "secondary_file_host": null,
            "secondary_location": "",
            "secondary_queue_endpoint": null,
            "secondary_queue_host": null,
            "secondary_table_endpoint": null,
            "secondary_table_host": null,
            "secondary_web_endpoint": null,
            "secondary_web_host": null,
            "share_properties": [
              {
                "cors_rule": [],
                "retention_policy": [
                  {
                    "days": 7
                  }
                ],
                "smb": []
              }
            ],
            "shared_access_key_enabled": true,
            "static_website": [],
            "table_encryption_key_type": "Service",
            "tags": {
              "businessUnit": "FastTrack for Azure",
              "createdWith": "Terraform",
              "supportedBy": "Paolo Salvatori"
            },
            "timeouts": null
          },
          "sensitive_attributes": [],
          "private": "eyJlMmJmYjczMC1lY2FhLTExZTYtOGY4OC0zNDM2M2JjN2M0YzAiOnsiY3JlYXRlIjozNjAwMDAwMDAwMDAwLCJkZWxldGUiOjM2MDAwMDAwMDAwMDAsInJlYWQiOjMwMDAwMDAwMDAwMCwidXBkYXRlIjozNjAwMDAwMDAwMDAwfSwic2NoZW1hX3ZlcnNpb24iOiIzIn0=",
          "dependencies": [
            "azurerm_resource_group.rg",
            "random_string.resource_prefix"
          ]
        }
      ]
    }
  ]
}
